
Microsoft Visual Studio Solution File, Format Version 12.00
# Visual Studio Version 16
VisualStudioVersion = 16.0.31129.286
MinimumVisualStudioVersion = 10.0.40219.1
Project("{FAE04EC0-301F-11D3-BF4B-00C04F79EFBC}") = "Bai 3 (1)", "Bai 3 (1)\Bai 3 (1).csproj", "{9189B7B0-7A86-45D7-8090-6CD5C4FCB05D}"
EndProject
Global
	GlobalSection(SolutionConfigurationPlatforms) = preSolution
		Debug|Any CPU = Debug|Any CPU
		Release|Any CPU = Release|Any CPU
	EndGlobalSection
	GlobalSection(ProjectConfigurationPlatforms) = postSolution
		{9189B7B0-7A86-45D7-8090-6CD5C4FCB05D}.Debug|Any CPU.ActiveCfg = Debug|Any CPU
		{9189B7B0-7A86-45D7-8090-6CD5C4FCB05D}.Debug|Any CPU.Build.0 = Debug|Any CPU
		{9189B7B0-7A86-45D7-8090-6CD5C4FCB05D}.Release|Any CPU.ActiveCfg = Release|Any CPU
		{9189B7B0-7A86-45D7-8090-6CD5C4FCB05D}.Release|Any CPU.Build.0 = Release|Any CPU
	EndGlobalSection
	GlobalSection(SolutionProperties) = preSolution
		HideSolutionNode = FALSE
	EndGlobalSection
	GlobalSection(ExtensibilityGlobals) = postSolution
		SolutionGuid = {16E08715-6330-4120-9A36-A5B751985CD4}
	EndGlobalSection
EndGlobal
